
Microsoft Visual Studio Solution File, Format Version 12.00
# Visual Studio Version 17
VisualStudioVersion = 17.4.33403.182
MinimumVisualStudioVersion = 10.0.40219.1
Project("{FAE04EC0-301F-11D3-BF4B-00C04F79EFBC}") = "RemoteWindowsController", "RemoteWindowsController\RemoteWindowsController.csproj", "{1FBBE0A2-A741-48B8-B1D9-A9DCA3AA6D46}"
EndProject
Global
	GlobalSection(SolutionConfigurationPlatforms) = preSolution
		Debug|Any CPU = Debug|Any CPU
		Release|Any CPU = Release|Any CPU
	EndGlobalSection
	GlobalSection(ProjectConfigurationPlatforms) = postSolution
		{1FBBE0A2-A741-48B8-B1D9-A9DCA3AA6D46}.Debug|Any CPU.ActiveCfg = Debug|Any CPU
		{1FBBE0A2-A741-48B8-B1D9-A9DCA3AA6D46}.Debug|Any CPU.Build.0 = Debug|Any CPU
		{1FBBE0A2-A741-48B8-B1D9-A9DCA3AA6D46}.Release|Any CPU.ActiveCfg = Release|Any CPU
		{1FBBE0A2-A741-48B8-B1D9-A9DCA3AA6D46}.Release|Any CPU.Build.0 = Release|Any CPU
	EndGlobalSection
	GlobalSection(SolutionProperties) = preSolution
		HideSolutionNode = FALSE
	EndGlobalSection
	GlobalSection(ExtensibilityGlobals) = postSolution
		SolutionGuid = {66D01390-05C7-4285-A221-9426C39DD984}
	EndGlobalSection
EndGlobal
